{
  "name": "blog",
  "version": "1.0.0",
  "lockfileVersion": 1,
  "requires": true,
  "dependencies": {
    "highlight.js-async-webpack": {
      "version": "1.0.4",
      "resolved": "https://registry.npmjs.org/highlight.js-async-webpack/-/highlight.js-async-webpack-1.0.4.tgz",
      "integrity": "sha1-wGtnv5nwSQRdYrdW5YVbCRLsYWw="
    },
    "mavon-editor": {
      "version": "2.5.9",
      "resolved": "https://registry.npmjs.org/mavon-editor/-/mavon-editor-2.5.9.tgz",
      "integrity": "sha512-azHT87YxRzNzvg0rmiLRaOJMSvd9oq37L2vk9e+dWZ5XCuJHiVoeAXdZE+y5YAL1z5OLPn3u2jHdooV/IRjRGA==",
      "requires": {
        "highlight.js": "9.12.0",
        "highlight.js-async-webpack": "1.0.4"
      },
      "dependencies": {
        "highlight.js": {
          "version": "9.12.0",
          "resolved": "https://registry.npmjs.org/highlight.js/-/highlight.js-9.12.0.tgz",
          "integrity": "sha1-5tnb5Xy+/mB1HwKvM2GVhwyQwB4="
        }
      }
    }
  }
}
